// !$*UTF8*$!
{
	archiveVersion = 1;
	classes = {
	};
	objectVersion = 56;
	objects = {

/* Begin PBXBuildFile section */
		7C18445D2B9C7D8B00ADB7C1 /* ProductResponse.swift in Sources */ = {isa = PBXBuildFile; fileRef = 7C18445C2B9C7D8B00ADB7C1 /* ProductResponse.swift */; };
		7C3FD9582B998C0B00D5EC11 /* AppDelegate.swift in Sources */ = {isa = PBXBuildFile; fileRef = 7C3FD9572B998C0B00D5EC11 /* AppDelegate.swift */; };
		7C3FD95A2B998C0B00D5EC11 /* SceneDelegate.swift in Sources */ = {isa = PBXBuildFile; fileRef = 7C3FD9592B998C0B00D5EC11 /* SceneDelegate.swift */; };
		7C3FD95C2B998C0B00D5EC11 /* ViewController.swift in Sources */ = {isa = PBXBuildFile; fileRef = 7C3FD95B2B998C0B00D5EC11 /* ViewController.swift */; };
		7C3FD95F2B998C0B00D5EC11 /* Main.storyboard in Resources */ = {isa = PBXBuildFile; fileRef = 7C3FD95D2B998C0B00D5EC11 /* Main.storyboard */; };
		7C3FD9612B998C0B00D5EC11 /* Assets.xcassets in Resources */ = {isa = PBXBuildFile; fileRef = 7C3FD9602B998C0B00D5EC11 /* Assets.xcassets */; };
		7C3FD9642B998C0B00D5EC11 /* LaunchScreen.storyboard in Resources */ = {isa = PBXBuildFile; fileRef = 7C3FD9622B998C0B00D5EC11 /* LaunchScreen.storyboard */; };
		7C3FD9722B998C6500D5EC11 /* ProductListPresenter.swift in Sources */ = {isa = PBXBuildFile; fileRef = 7C3FD96C2B998C6500D5EC11 /* ProductListPresenter.swift */; };
		7C3FD9732B998C6500D5EC11 /* ProductListWorker.swift in Sources */ = {isa = PBXBuildFile; fileRef = 7C3FD96D2B998C6500D5EC11 /* ProductListWorker.swift */; };
		7C3FD9742B998C6500D5EC11 /* ProductListRouter.swift in Sources */ = {isa = PBXBuildFile; fileRef = 7C3FD96E2B998C6500D5EC11 /* ProductListRouter.swift */; };
		7C3FD9752B998C6500D5EC11 /* ProductListModels.swift in Sources */ = {isa = PBXBuildFile; fileRef = 7C3FD96F2B998C6500D5EC11 /* ProductListModels.swift */; };
		7C3FD9762B998C6500D5EC11 /* ProductListViewController.swift in Sources */ = {isa = PBXBuildFile; fileRef = 7C3FD9702B998C6500D5EC11 /* ProductListViewController.swift */; };
		7C3FD9772B998C6500D5EC11 /* ProductListInteractor.swift in Sources */ = {isa = PBXBuildFile; fileRef = 7C3FD9712B998C6500D5EC11 /* ProductListInteractor.swift */; };
		7C3FD97F2B998D1B00D5EC11 /* ProductDetailPresenter.swift in Sources */ = {isa = PBXBuildFile; fileRef = 7C3FD9792B998D1B00D5EC11 /* ProductDetailPresenter.swift */; };
		7C3FD9802B998D1B00D5EC11 /* ProductDetailWorker.swift in Sources */ = {isa = PBXBuildFile; fileRef = 7C3FD97A2B998D1B00D5EC11 /* ProductDetailWorker.swift */; };
		7C3FD9812B998D1B00D5EC11 /* ProductDetailRouter.swift in Sources */ = {isa = PBXBuildFile; fileRef = 7C3FD97B2B998D1B00D5EC11 /* ProductDetailRouter.swift */; };
		7C3FD9822B998D1B00D5EC11 /* ProductDetailModels.swift in Sources */ = {isa = PBXBuildFile; fileRef = 7C3FD97C2B998D1B00D5EC11 /* ProductDetailModels.swift */; };
		7C3FD9832B998D1B00D5EC11 /* ProductDetailViewController.swift in Sources */ = {isa = PBXBuildFile; fileRef = 7C3FD97D2B998D1B00D5EC11 /* ProductDetailViewController.swift */; };
		7C3FD9842B998D1B00D5EC11 /* ProductDetailInteractor.swift in Sources */ = {isa = PBXBuildFile; fileRef = 7C3FD97E2B998D1B00D5EC11 /* ProductDetailInteractor.swift */; };
		7C3FD9902B998D3200D5EC11 /* BusketViewController.swift in Sources */ = {isa = PBXBuildFile; fileRef = 7C3FD98A2B998D3200D5EC11 /* BusketViewController.swift */; };
		7C3FD9952B998E0F00D5EC11 /* CustomMainTabBarViewController.swift in Sources */ = {isa = PBXBuildFile; fileRef = 7C3FD9942B998E0F00D5EC11 /* CustomMainTabBarViewController.swift */; };
		7C3FD9A32B999B6B00D5EC11 /* FavoriteViewController.swift in Sources */ = {isa = PBXBuildFile; fileRef = 7C3FD99D2B999B6B00D5EC11 /* FavoriteViewController.swift */; };
		7C3FD9AC2B999FF100D5EC11 /* PickerDetailPresenter.swift in Sources */ = {isa = PBXBuildFile; fileRef = 7C3FD9A62B999FF100D5EC11 /* PickerDetailPresenter.swift */; };
		7C3FD9AD2B999FF100D5EC11 /* PickerDetailWorker.swift in Sources */ = {isa = PBXBuildFile; fileRef = 7C3FD9A72B999FF100D5EC11 /* PickerDetailWorker.swift */; };
		7C3FD9AE2B999FF100D5EC11 /* PickerDetailRouter.swift in Sources */ = {isa = PBXBuildFile; fileRef = 7C3FD9A82B999FF100D5EC11 /* PickerDetailRouter.swift */; };
		7C3FD9AF2B999FF100D5EC11 /* PickerDetailModels.swift in Sources */ = {isa = PBXBuildFile; fileRef = 7C3FD9A92B999FF100D5EC11 /* PickerDetailModels.swift */; };
		7C3FD9B02B999FF100D5EC11 /* PickerDetailViewController.swift in Sources */ = {isa = PBXBuildFile; fileRef = 7C3FD9AA2B999FF100D5EC11 /* PickerDetailViewController.swift */; };
		7C3FD9B12B999FF100D5EC11 /* PickerDetailInteractor.swift in Sources */ = {isa = PBXBuildFile; fileRef = 7C3FD9AB2B999FF100D5EC11 /* PickerDetailInteractor.swift */; };
		7C3FD9BC2B99A02F00D5EC11 /* HomeViewController.swift in Sources */ = {isa = PBXBuildFile; fileRef = 7C3FD9B62B99A02F00D5EC11 /* HomeViewController.swift */; };
		7C3FD9C12B99A15300D5EC11 /* ProductListViewCellController.swift in Sources */ = {isa = PBXBuildFile; fileRef = 7C3FD9BF2B99A15300D5EC11 /* ProductListViewCellController.swift */; };
		7C3FD9C22B99A15300D5EC11 /* ProductListViewCellController.xib in Resources */ = {isa = PBXBuildFile; fileRef = 7C3FD9C02B99A15300D5EC11 /* ProductListViewCellController.xib */; };
/* End PBXBuildFile section */

/* Begin PBXFileReference section */
		7C18445C2B9C7D8B00ADB7C1 /* ProductResponse.swift */ = {isa = PBXFileReference; lastKnownFileType = sourcecode.swift; path = ProductResponse.swift; sourceTree = "<group>"; };
		7C3FD9542B998C0B00D5EC11 /* E-commerce-Swift.app */ = {isa = PBXFileReference; explicitFileType = wrapper.application; includeInIndex = 0; path = "E-commerce-Swift.app"; sourceTree = BUILT_PRODUCTS_DIR; };
		7C3FD9572B998C0B00D5EC11 /* AppDelegate.swift */ = {isa = PBXFileReference; lastKnownFileType = sourcecode.swift; path = AppDelegate.swift; sourceTree = "<group>"; };
		7C3FD9592B998C0B00D5EC11 /* SceneDelegate.swift */ = {isa = PBXFileReference; lastKnownFileType = sourcecode.swift; path = SceneDelegate.swift; sourceTree = "<group>"; };
		7C3FD95B2B998C0B00D5EC11 /* ViewController.swift */ = {isa = PBXFileReference; lastKnownFileType = sourcecode.swift; path = ViewController.swift; sourceTree = "<group>"; };
		7C3FD95E2B998C0B00D5EC11 /* Base */ = {isa = PBXFileReference; lastKnownFileType = file.storyboard; name = Base; path = Base.lproj/Main.storyboard; sourceTree = "<group>"; };
		7C3FD9602B998C0B00D5EC11 /* Assets.xcassets */ = {isa = PBXFileReference; lastKnownFileType = folder.assetcatalog; path = Assets.xcassets; sourceTree = "<group>"; };
		7C3FD9632B998C0B00D5EC11 /* Base */ = {isa = PBXFileReference; lastKnownFileType = file.storyboard; name = Base; path = Base.lproj/LaunchScreen.storyboard; sourceTree = "<group>"; };
		7C3FD9652B998C0B00D5EC11 /* Info.plist */ = {isa = PBXFileReference; lastKnownFileType = text.plist.xml; path = Info.plist; sourceTree = "<group>"; };
		7C3FD96C2B998C6500D5EC11 /* ProductListPresenter.swift */ = {isa = PBXFileReference; lastKnownFileType = sourcecode.swift; path = ProductListPresenter.swift; sourceTree = "<group>"; };
		7C3FD96D2B998C6500D5EC11 /* ProductListWorker.swift */ = {isa = PBXFileReference; lastKnownFileType = sourcecode.swift; path = ProductListWorker.swift; sourceTree = "<group>"; };
		7C3FD96E2B998C6500D5EC11 /* ProductListRouter.swift */ = {isa = PBXFileReference; lastKnownFileType = sourcecode.swift; path = ProductListRouter.swift; sourceTree = "<group>"; };
		7C3FD96F2B998C6500D5EC11 /* ProductListModels.swift */ = {isa = PBXFileReference; lastKnownFileType = sourcecode.swift; path = ProductListModels.swift; sourceTree = "<group>"; };
		7C3FD9702B998C6500D5EC11 /* ProductListViewController.swift */ = {isa = PBXFileReference; lastKnownFileType = sourcecode.swift; path = ProductListViewController.swift; sourceTree = "<group>"; };
		7C3FD9712B998C6500D5EC11 /* ProductListInteractor.swift */ = {isa = PBXFileReference; lastKnownFileType = sourcecode.swift; path = ProductListInteractor.swift; sourceTree = "<group>"; };
		7C3FD9792B998D1B00D5EC11 /* ProductDetailPresenter.swift */ = {isa = PBXFileReference; lastKnownFileType = sourcecode.swift; path = ProductDetailPresenter.swift; sourceTree = "<group>"; };
		7C3FD97A2B998D1B00D5EC11 /* ProductDetailWorker.swift */ = {isa = PBXFileReference; lastKnownFileType = sourcecode.swift; path = ProductDetailWorker.swift; sourceTree = "<group>"; };
		7C3FD97B2B998D1B00D5EC11 /* ProductDetailRouter.swift */ = {isa = PBXFileReference; lastKnownFileType = sourcecode.swift; path = ProductDetailRouter.swift; sourceTree = "<group>"; };
		7C3FD97C2B998D1B00D5EC11 /* ProductDetailModels.swift */ = {isa = PBXFileReference; lastKnownFileType = sourcecode.swift; path = ProductDetailModels.swift; sourceTree = "<group>"; };
		7C3FD97D2B998D1B00D5EC11 /* ProductDetailViewController.swift */ = {isa = PBXFileReference; lastKnownFileType = sourcecode.swift; path = ProductDetailViewController.swift; sourceTree = "<group>"; };
		7C3FD97E2B998D1B00D5EC11 /* ProductDetailInteractor.swift */ = {isa = PBXFileReference; lastKnownFileType = sourcecode.swift; path = ProductDetailInteractor.swift; sourceTree = "<group>"; };
		7C3FD98A2B998D3200D5EC11 /* BusketViewController.swift */ = {isa = PBXFileReference; lastKnownFileType = sourcecode.swift; path = BusketViewController.swift; sourceTree = "<group>"; };
		7C3FD9942B998E0F00D5EC11 /* CustomMainTabBarViewController.swift */ = {isa = PBXFileReference; lastKnownFileType = sourcecode.swift; path = CustomMainTabBarViewController.swift; sourceTree = "<group>"; };
		7C3FD99D2B999B6B00D5EC11 /* FavoriteViewController.swift */ = {isa = PBXFileReference; lastKnownFileType = sourcecode.swift; path = FavoriteViewController.swift; sourceTree = "<group>"; };
		7C3FD9A62B999FF100D5EC11 /* PickerDetailPresenter.swift */ = {isa = PBXFileReference; lastKnownFileType = sourcecode.swift; path = PickerDetailPresenter.swift; sourceTree = "<group>"; };
		7C3FD9A72B999FF100D5EC11 /* PickerDetailWorker.swift */ = {isa = PBXFileReference; lastKnownFileType = sourcecode.swift; path = PickerDetailWorker.swift; sourceTree = "<group>"; };
		7C3FD9A82B999FF100D5EC11 /* PickerDetailRouter.swift */ = {isa = PBXFileReference; lastKnownFileType = sourcecode.swift; path = PickerDetailRouter.swift; sourceTree = "<group>"; };
		7C3FD9A92B999FF100D5EC11 /* PickerDetailModels.swift */ = {isa = PBXFileReference; lastKnownFileType = sourcecode.swift; path = PickerDetailModels.swift; sourceTree = "<group>"; };
		7C3FD9AA2B999FF100D5EC11 /* PickerDetailViewController.swift */ = {isa = PBXFileReference; lastKnownFileType = sourcecode.swift; path = PickerDetailViewController.swift; sourceTree = "<group>"; };
		7C3FD9AB2B999FF100D5EC11 /* PickerDetailInteractor.swift */ = {isa = PBXFileReference; lastKnownFileType = sourcecode.swift; path = PickerDetailInteractor.swift; sourceTree = "<group>"; };
		7C3FD9B62B99A02F00D5EC11 /* HomeViewController.swift */ = {isa = PBXFileReference; lastKnownFileType = sourcecode.swift; path = HomeViewController.swift; sourceTree = "<group>"; };
		7C3FD9BF2B99A15300D5EC11 /* ProductListViewCellController.swift */ = {isa = PBXFileReference; lastKnownFileType = sourcecode.swift; path = ProductListViewCellController.swift; sourceTree = "<group>"; };
		7C3FD9C02B99A15300D5EC11 /* ProductListViewCellController.xib */ = {isa = PBXFileReference; lastKnownFileType = file.xib; path = ProductListViewCellController.xib; sourceTree = "<group>"; };
/* End PBXFileReference section */

/* Begin PBXFrameworksBuildPhase section */
		7C3FD9512B998C0B00D5EC11 /* Frameworks */ = {
			isa = PBXFrameworksBuildPhase;
			buildActionMask = 2147483647;
			files = (
			);
			runOnlyForDeploymentPostprocessing = 0;
		};
/* End PBXFrameworksBuildPhase section */

/* Begin PBXGroup section */
		7C18445B2B9C7D7B00ADB7C1 /* Model */ = {
			isa = PBXGroup;
			children = (
				7C18445C2B9C7D8B00ADB7C1 /* ProductResponse.swift */,
			);
			path = Model;
			sourceTree = "<group>";
		};
		7C3FD94B2B998C0B00D5EC11 = {
			isa = PBXGroup;
			children = (
				7C3FD9562B998C0B00D5EC11 /* E-commerce-Swift */,
				7C3FD9552B998C0B00D5EC11 /* Products */,
			);
			sourceTree = "<group>";
		};
		7C3FD9552B998C0B00D5EC11 /* Products */ = {
			isa = PBXGroup;
			children = (
				7C3FD9542B998C0B00D5EC11 /* E-commerce-Swift.app */,
			);
			name = Products;
			sourceTree = "<group>";
		};
		7C3FD9562B998C0B00D5EC11 /* E-commerce-Swift */ = {
			isa = PBXGroup;
			children = (
				7C18445B2B9C7D7B00ADB7C1 /* Model */,
				7C3FD9A52B999FDD00D5EC11 /* PickerDetail */,
				7C3FD9982B999B5700D5EC11 /* Favorite */,
				7C3FD9962B999A8600D5EC11 /* Home */,
				7C3FD9922B998DB400D5EC11 /* Uitls */,
				7C3FD9852B998D2000D5EC11 /* Busket */,
				7C3FD9782B998C9800D5EC11 /* ProductDetail */,
				7C3FD96B2B998C5300D5EC11 /* ProductList */,
				7C3FD9572B998C0B00D5EC11 /* AppDelegate.swift */,
				7C3FD9592B998C0B00D5EC11 /* SceneDelegate.swift */,
				7C3FD95B2B998C0B00D5EC11 /* ViewController.swift */,
				7C3FD95D2B998C0B00D5EC11 /* Main.storyboard */,
				7C3FD9602B998C0B00D5EC11 /* Assets.xcassets */,
				7C3FD9622B998C0B00D5EC11 /* LaunchScreen.storyboard */,
				7C3FD9652B998C0B00D5EC11 /* Info.plist */,
			);
			path = "E-commerce-Swift";
			sourceTree = "<group>";
		};
		7C3FD96B2B998C5300D5EC11 /* ProductList */ = {
			isa = PBXGroup;
			children = (
				7C3FD9BE2B99A13400D5EC11 /* ProductListViewCell */,
				7C3FD96C2B998C6500D5EC11 /* ProductListPresenter.swift */,
				7C3FD96D2B998C6500D5EC11 /* ProductListWorker.swift */,
				7C3FD96E2B998C6500D5EC11 /* ProductListRouter.swift */,
				7C3FD96F2B998C6500D5EC11 /* ProductListModels.swift */,
				7C3FD9702B998C6500D5EC11 /* ProductListViewController.swift */,
				7C3FD9712B998C6500D5EC11 /* ProductListInteractor.swift */,
			);
			path = ProductList;
			sourceTree = "<group>";
		};
		7C3FD9782B998C9800D5EC11 /* ProductDetail */ = {
			isa = PBXGroup;
			children = (
				7C3FD9792B998D1B00D5EC11 /* ProductDetailPresenter.swift */,
				7C3FD97A2B998D1B00D5EC11 /* ProductDetailWorker.swift */,
				7C3FD97B2B998D1B00D5EC11 /* ProductDetailRouter.swift */,
				7C3FD97C2B998D1B00D5EC11 /* ProductDetailModels.swift */,
				7C3FD97D2B998D1B00D5EC11 /* ProductDetailViewController.swift */,
				7C3FD97E2B998D1B00D5EC11 /* ProductDetailInteractor.swift */,
			);
			path = ProductDetail;
			sourceTree = "<group>";
		};
		7C3FD9852B998D2000D5EC11 /* Busket */ = {
			isa = PBXGroup;
			children = (
				7C3FD98A2B998D3200D5EC11 /* BusketViewController.swift */,
			);
			path = Busket;
			sourceTree = "<group>";
		};
		7C3FD9922B998DB400D5EC11 /* Uitls */ = {
			isa = PBXGroup;
			children = (
				7C3FD9932B998DBB00D5EC11 /* Component */,
			);
			path = Uitls;
			sourceTree = "<group>";
		};
		7C3FD9932B998DBB00D5EC11 /* Component */ = {
			isa = PBXGroup;
			children = (
				7C3FD9942B998E0F00D5EC11 /* CustomMainTabBarViewController.swift */,
			);
			path = Component;
			sourceTree = "<group>";
		};
		7C3FD9962B999A8600D5EC11 /* Home */ = {
			isa = PBXGroup;
			children = (
				7C3FD9B62B99A02F00D5EC11 /* HomeViewController.swift */,
			);
			path = Home;
			sourceTree = "<group>";
		};
		7C3FD9982B999B5700D5EC11 /* Favorite */ = {
			isa = PBXGroup;
			children = (
				7C3FD99D2B999B6B00D5EC11 /* FavoriteViewController.swift */,
			);
			path = Favorite;
			sourceTree = "<group>";
		};
		7C3FD9A52B999FDD00D5EC11 /* PickerDetail */ = {
			isa = PBXGroup;
			children = (
				7C3FD9A62B999FF100D5EC11 /* PickerDetailPresenter.swift */,
				7C3FD9A72B999FF100D5EC11 /* PickerDetailWorker.swift */,
				7C3FD9A82B999FF100D5EC11 /* PickerDetailRouter.swift */,
				7C3FD9A92B999FF100D5EC11 /* PickerDetailModels.swift */,
				7C3FD9AA2B999FF100D5EC11 /* PickerDetailViewController.swift */,
				7C3FD9AB2B999FF100D5EC11 /* PickerDetailInteractor.swift */,
			);
			path = PickerDetail;
			sourceTree = "<group>";
		};
		7C3FD9BE2B99A13400D5EC11 /* ProductListViewCell */ = {
			isa = PBXGroup;
			children = (
				7C3FD9BF2B99A15300D5EC11 /* ProductListViewCellController.swift */,
				7C3FD9C02B99A15300D5EC11 /* ProductListViewCellController.xib */,
			);
			path = ProductListViewCell;
			sourceTree = "<group>";
		};
/* End PBXGroup section */

/* Begin PBXNativeTarget section */
		7C3FD9532B998C0B00D5EC11 /* E-commerce-Swift */ = {
			isa = PBXNativeTarget;
			buildConfigurationList = 7C3FD9682B998C0B00D5EC11 /* Build configuration list for PBXNativeTarget "E-commerce-Swift" */;
			buildPhases = (
				7C3FD9502B998C0B00D5EC11 /* Sources */,
				7C3FD9512B998C0B00D5EC11 /* Frameworks */,
				7C3FD9522B998C0B00D5EC11 /* Resources */,
			);
			buildRules = (
			);
			dependencies = (
			);
			name = "E-commerce-Swift";
			productName = "E-commerce-Swift";
			productReference = 7C3FD9542B998C0B00D5EC11 /* E-commerce-Swift.app */;
			productType = "com.apple.product-type.application";
		};
/* End PBXNativeTarget section */

/* Begin PBXProject section */
		7C3FD94C2B998C0B00D5EC11 /* Project object */ = {
			isa = PBXProject;
			attributes = {
				BuildIndependentTargetsInParallel = 1;
				LastSwiftUpdateCheck = 1430;
				LastUpgradeCheck = 1430;
				TargetAttributes = {
					7C3FD9532B998C0B00D5EC11 = {
						CreatedOnToolsVersion = 14.3;
					};
				};
			};
			buildConfigurationList = 7C3FD94F2B998C0B00D5EC11 /* Build configuration list for PBXProject "E-commerce-Swift" */;
			compatibilityVersion = "Xcode 14.0";
			developmentRegion = en;
			hasScannedForEncodings = 0;
			knownRegions = (
				en,
				Base,
			);
			mainGroup = 7C3FD94B2B998C0B00D5EC11;
			productRefGroup = 7C3FD9552B998C0B00D5EC11 /* Products */;
			projectDirPath = "";
			projectRoot = "";
			targets = (
				7C3FD9532B998C0B00D5EC11 /* E-commerce-Swift */,
			);
		};
/* End PBXProject section */

/* Begin PBXResourcesBuildPhase section */
		7C3FD9522B998C0B00D5EC11 /* Resources */ = {
			isa = PBXResourcesBuildPhase;
			buildActionMask = 2147483647;
			files = (
				7C3FD9642B998C0B00D5EC11 /* LaunchScreen.storyboard in Resources */,
				7C3FD9612B998C0B00D5EC11 /* Assets.xcassets in Resources */,
				7C3FD9C22B99A15300D5EC11 /* ProductListViewCellController.xib in Resources */,
				7C3FD95F2B998C0B00D5EC11 /* Main.storyboard in Resources */,
			);
			runOnlyForDeploymentPostprocessing = 0;
		};
/* End PBXResourcesBuildPhase section */

/* Begin PBXSourcesBuildPhase section */
		7C3FD9502B998C0B00D5EC11 /* Sources */ = {
			isa = PBXSourcesBuildPhase;
			buildActionMask = 2147483647;
			files = (
				7C3FD95C2B998C0B00D5EC11 /* ViewController.swift in Sources */,
				7C3FD9822B998D1B00D5EC11 /* ProductDetailModels.swift in Sources */,
				7C3FD9582B998C0B00D5EC11 /* AppDelegate.swift in Sources */,
				7C3FD9722B998C6500D5EC11 /* ProductListPresenter.swift in Sources */,
				7C3FD95A2B998C0B00D5EC11 /* SceneDelegate.swift in Sources */,
				7C3FD9742B998C6500D5EC11 /* ProductListRouter.swift in Sources */,
				7C3FD9AF2B999FF100D5EC11 /* PickerDetailModels.swift in Sources */,
				7C3FD9BC2B99A02F00D5EC11 /* HomeViewController.swift in Sources */,
				7C3FD9812B998D1B00D5EC11 /* ProductDetailRouter.swift in Sources */,
				7C3FD9AE2B999FF100D5EC11 /* PickerDetailRouter.swift in Sources */,
				7C3FD97F2B998D1B00D5EC11 /* ProductDetailPresenter.swift in Sources */,
				7C3FD9772B998C6500D5EC11 /* ProductListInteractor.swift in Sources */,
				7C3FD9842B998D1B00D5EC11 /* ProductDetailInteractor.swift in Sources */,
				7C3FD9C12B99A15300D5EC11 /* ProductListViewCellController.swift in Sources */,
				7C3FD9902B998D3200D5EC11 /* BusketViewController.swift in Sources */,
				7C18445D2B9C7D8B00ADB7C1 /* ProductResponse.swift in Sources */,
				7C3FD9AC2B999FF100D5EC11 /* PickerDetailPresenter.swift in Sources */,
				7C3FD9952B998E0F00D5EC11 /* CustomMainTabBarViewController.swift in Sources */,
				7C3FD9832B998D1B00D5EC11 /* ProductDetailViewController.swift in Sources */,
				7C3FD9AD2B999FF100D5EC11 /* PickerDetailWorker.swift in Sources */,
				7C3FD9802B998D1B00D5EC11 /* ProductDetailWorker.swift in Sources */,
				7C3FD9B12B999FF100D5EC11 /* PickerDetailInteractor.swift in Sources */,
				7C3FD9A32B999B6B00D5EC11 /* FavoriteViewController.swift in Sources */,
				7C3FD9752B998C6500D5EC11 /* ProductListModels.swift in Sources */,
				7C3FD9762B998C6500D5EC11 /* ProductListViewController.swift in Sources */,
				7C3FD9B02B999FF100D5EC11 /* PickerDetailViewController.swift in Sources */,
				7C3FD9732B998C6500D5EC11 /* ProductListWorker.swift in Sources */,
			);
			runOnlyForDeploymentPostprocessing = 0;
		};
/* End PBXSourcesBuildPhase section */

/* Begin PBXVariantGroup section */
		7C3FD95D2B998C0B00D5EC11 /* Main.storyboard */ = {
			isa = PBXVariantGroup;
			children = (
				7C3FD95E2B998C0B00D5EC11 /* Base */,
			);
			name = Main.storyboard;
			sourceTree = "<group>";
		};
		7C3FD9622B998C0B00D5EC11 /* LaunchScreen.storyboard */ = {
			isa = PBXVariantGroup;
			children = (
				7C3FD9632B998C0B00D5EC11 /* Base */,
			);
			name = LaunchScreen.storyboard;
			sourceTree = "<group>";
		};
/* End PBXVariantGroup section */

/* Begin XCBuildConfiguration section */
		7C3FD9662B998C0B00D5EC11 /* Debug */ = {
			isa = XCBuildConfiguration;
			buildSettings = {
				ALWAYS_SEARCH_USER_PATHS = NO;
				CLANG_ANALYZER_NONNULL = YES;
				CLANG_ANALYZER_NUMBER_OBJECT_CONVERSION = YES_AGGRESSIVE;
				CLANG_CXX_LANGUAGE_STANDARD = "gnu++20";
				CLANG_ENABLE_MODULES = YES;
				CLANG_ENABLE_OBJC_ARC = YES;
				CLANG_ENABLE_OBJC_WEAK = YES;
				CLANG_WARN_BLOCK_CAPTURE_AUTORELEASING = YES;
				CLANG_WARN_BOOL_CONVERSION = YES;
				CLANG_WARN_COMMA = YES;
				CLANG_WARN_CONSTANT_CONVERSION = YES;
				CLANG_WARN_DEPRECATED_OBJC_IMPLEMENTATIONS = YES;
				CLANG_WARN_DIRECT_OBJC_ISA_USAGE = YES_ERROR;
				CLANG_WARN_DOCUMENTATION_COMMENTS = YES;
				CLANG_WARN_EMPTY_BODY = YES;
				CLANG_WARN_ENUM_CONVERSION = YES;
				CLANG_WARN_INFINITE_RECURSION = YES;
				CLANG_WARN_INT_CONVERSION = YES;
				CLANG_WARN_NON_LITERAL_NULL_CONVERSION = YES;
				CLANG_WARN_OBJC_IMPLICIT_RETAIN_SELF = YES;
				CLANG_WARN_OBJC_LITERAL_CONVERSION = YES;
				CLANG_WARN_OBJC_ROOT_CLASS = YES_ERROR;
				CLANG_WARN_QUOTED_INCLUDE_IN_FRAMEWORK_HEADER = YES;
				CLANG_WARN_RANGE_LOOP_ANALYSIS = YES;
				CLANG_WARN_STRICT_PROTOTYPES = YES;
				CLANG_WARN_SUSPICIOUS_MOVE = YES;
				CLANG_WARN_UNGUARDED_AVAILABILITY = YES_AGGRESSIVE;
				CLANG_WARN_UNREACHABLE_CODE = YES;
				CLANG_WARN__DUPLICATE_METHOD_MATCH = YES;
				COPY_PHASE_STRIP = NO;
				DEBUG_INFORMATION_FORMAT = dwarf;
				ENABLE_STRICT_OBJC_MSGSEND = YES;
				ENABLE_TESTABILITY = YES;
				GCC_C_LANGUAGE_STANDARD = gnu11;
				GCC_DYNAMIC_NO_PIC = NO;
				GCC_NO_COMMON_BLOCKS = YES;
				GCC_OPTIMIZATION_LEVEL = 0;
				GCC_PREPROCESSOR_DEFINITIONS = (
					"DEBUG=1",
					"$(inherited)",
				);
				GCC_WARN_64_TO_32_BIT_CONVERSION = YES;
				GCC_WARN_ABOUT_RETURN_TYPE = YES_ERROR;
				GCC_WARN_UNDECLARED_SELECTOR = YES;
				GCC_WARN_UNINITIALIZED_AUTOS = YES_AGGRESSIVE;
				GCC_WARN_UNUSED_FUNCTION = YES;
				GCC_WARN_UNUSED_VARIABLE = YES;
				IPHONEOS_DEPLOYMENT_TARGET = 16.4;
				MTL_ENABLE_DEBUG_INFO = INCLUDE_SOURCE;
				MTL_FAST_MATH = YES;
				ONLY_ACTIVE_ARCH = YES;
				SDKROOT = iphoneos;
				SWIFT_ACTIVE_COMPILATION_CONDITIONS = DEBUG;
				SWIFT_OPTIMIZATION_LEVEL = "-Onone";
			};
			name = Debug;
		};
		7C3FD9672B998C0B00D5EC11 /* Release */ = {
			isa = XCBuildConfiguration;
			buildSettings = {
				ALWAYS_SEARCH_USER_PATHS = NO;
				CLANG_ANALYZER_NONNULL = YES;
				CLANG_ANALYZER_NUMBER_OBJECT_CONVERSION = YES_AGGRESSIVE;
				CLANG_CXX_LANGUAGE_STANDARD = "gnu++20";
				CLANG_ENABLE_MODULES = YES;
				CLANG_ENABLE_OBJC_ARC = YES;
				CLANG_ENABLE_OBJC_WEAK = YES;
				CLANG_WARN_BLOCK_CAPTURE_AUTORELEASING = YES;
				CLANG_WARN_BOOL_CONVERSION = YES;
				CLANG_WARN_COMMA = YES;
				CLANG_WARN_CONSTANT_CONVERSION = YES;
				CLANG_WARN_DEPRECATED_OBJC_IMPLEMENTATIONS = YES;
				CLANG_WARN_DIRECT_OBJC_ISA_USAGE = YES_ERROR;
				CLANG_WARN_DOCUMENTATION_COMMENTS = YES;
				CLANG_WARN_EMPTY_BODY = YES;
				CLANG_WARN_ENUM_CONVERSION = YES;
				CLANG_WARN_INFINITE_RECURSION = YES;
				CLANG_WARN_INT_CONVERSION = YES;
				CLANG_WARN_NON_LITERAL_NULL_CONVERSION = YES;
				CLANG_WARN_OBJC_IMPLICIT_RETAIN_SELF = YES;
				CLANG_WARN_OBJC_LITERAL_CONVERSION = YES;
				CLANG_WARN_OBJC_ROOT_CLASS = YES_ERROR;
				CLANG_WARN_QUOTED_INCLUDE_IN_FRAMEWORK_HEADER = YES;
				CLANG_WARN_RANGE_LOOP_ANALYSIS = YES;
				CLANG_WARN_STRICT_PROTOTYPES = YES;
				CLANG_WARN_SUSPICIOUS_MOVE = YES;
				CLANG_WARN_UNGUARDED_AVAILABILITY = YES_AGGRESSIVE;
				CLANG_WARN_UNREACHABLE_CODE = YES;
				CLANG_WARN__DUPLICATE_METHOD_MATCH = YES;
				COPY_PHASE_STRIP = NO;
				DEBUG_INFORMATION_FORMAT = "dwarf-with-dsym";
				ENABLE_NS_ASSERTIONS = NO;
				ENABLE_STRICT_OBJC_MSGSEND = YES;
				GCC_C_LANGUAGE_STANDARD = gnu11;
				GCC_NO_COMMON_BLOCKS = YES;
				GCC_WARN_64_TO_32_BIT_CONVERSION = YES;
				GCC_WARN_ABOUT_RETURN_TYPE = YES_ERROR;
				GCC_WARN_UNDECLARED_SELECTOR = YES;
				GCC_WARN_UNINITIALIZED_AUTOS = YES_AGGRESSIVE;
				GCC_WARN_UNUSED_FUNCTION = YES;
				GCC_WARN_UNUSED_VARIABLE = YES;
				IPHONEOS_DEPLOYMENT_TARGET = 16.4;
				MTL_ENABLE_DEBUG_INFO = NO;
				MTL_FAST_MATH = YES;
				SDKROOT = iphoneos;
				SWIFT_COMPILATION_MODE = wholemodule;
				SWIFT_OPTIMIZATION_LEVEL = "-O";
				VALIDATE_PRODUCT = YES;
			};
			name = Release;
		};
		7C3FD9692B998C0B00D5EC11 /* Debug */ = {
			isa = XCBuildConfiguration;
			buildSettings = {
				ASSETCATALOG_COMPILER_APPICON_NAME = AppIcon;
				ASSETCATALOG_COMPILER_GLOBAL_ACCENT_COLOR_NAME = AccentColor;
				CODE_SIGN_STYLE = Automatic;
				CURRENT_PROJECT_VERSION = 1;
				GENERATE_INFOPLIST_FILE = YES;
				INFOPLIST_FILE = "E-commerce-Swift/Info.plist";
				INFOPLIST_KEY_UIApplicationSupportsIndirectInputEvents = YES;
				INFOPLIST_KEY_UILaunchStoryboardName = LaunchScreen;
				INFOPLIST_KEY_UIMainStoryboardFile = Main;
				INFOPLIST_KEY_UISupportedInterfaceOrientations_iPad = "UIInterfaceOrientationPortrait UIInterfaceOrientationPortraitUpsideDown UIInterfaceOrientationLandscapeLeft UIInterfaceOrientationLandscapeRight";
				INFOPLIST_KEY_UISupportedInterfaceOrientations_iPhone = "UIInterfaceOrientationPortrait UIInterfaceOrientationLandscapeLeft UIInterfaceOrientationLandscapeRight";
				LD_RUNPATH_SEARCH_PATHS = (
					"$(inherited)",
					"@executable_path/Frameworks",
				);
				MARKETING_VERSION = 1.0;
				PRODUCT_BUNDLE_IDENTIFIER = "com.asimsafar.E-commerce-Swift";
				PRODUCT_NAME = "$(TARGET_NAME)";
				SWIFT_EMIT_LOC_STRINGS = YES;
				SWIFT_VERSION = 5.0;
				TARGETED_DEVICE_FAMILY = "1,2";
			};
			name = Debug;
		};
		7C3FD96A2B998C0B00D5EC11 /* Release */ = {
			isa = XCBuildConfiguration;
			buildSettings = {
				ASSETCATALOG_COMPILER_APPICON_NAME = AppIcon;
				ASSETCATALOG_COMPILER_GLOBAL_ACCENT_COLOR_NAME = AccentColor;
				CODE_SIGN_STYLE = Automatic;
				CURRENT_PROJECT_VERSION = 1;
				GENERATE_INFOPLIST_FILE = YES;
				INFOPLIST_FILE = "E-commerce-Swift/Info.plist";
				INFOPLIST_KEY_UIApplicationSupportsIndirectInputEvents = YES;
				INFOPLIST_KEY_UILaunchStoryboardName = LaunchScreen;
				INFOPLIST_KEY_UIMainStoryboardFile = Main;
				INFOPLIST_KEY_UISupportedInterfaceOrientations_iPad = "UIInterfaceOrientationPortrait UIInterfaceOrientationPortraitUpsideDown UIInterfaceOrientationLandscapeLeft UIInterfaceOrientationLandscapeRight";
				INFOPLIST_KEY_UISupportedInterfaceOrientations_iPhone = "UIInterfaceOrientationPortrait UIInterfaceOrientationLandscapeLeft UIInterfaceOrientationLandscapeRight";
				LD_RUNPATH_SEARCH_PATHS = (
					"$(inherited)",
					"@executable_path/Frameworks",
				);
				MARKETING_VERSION = 1.0;
				PRODUCT_BUNDLE_IDENTIFIER = "com.asimsafar.E-commerce-Swift";
				PRODUCT_NAME = "$(TARGET_NAME)";
				SWIFT_EMIT_LOC_STRINGS = YES;
				SWIFT_VERSION = 5.0;
				TARGETED_DEVICE_FAMILY = "1,2";
			};
			name = Release;
		};
/* End XCBuildConfiguration section */

/* Begin XCConfigurationList section */
		7C3FD94F2B998C0B00D5EC11 /* Build configuration list for PBXProject "E-commerce-Swift" */ = {
			isa = XCConfigurationList;
			buildConfigurations = (
				7C3FD9662B998C0B00D5EC11 /* Debug */,
				7C3FD9672B998C0B00D5EC11 /* Release */,
			);
			defaultConfigurationIsVisible = 0;
			defaultConfigurationName = Release;
		};
		7C3FD9682B998C0B00D5EC11 /* Build configuration list for PBXNativeTarget "E-commerce-Swift" */ = {
			isa = XCConfigurationList;
			buildConfigurations = (
				7C3FD9692B998C0B00D5EC11 /* Debug */,
				7C3FD96A2B998C0B00D5EC11 /* Release */,
			);
			defaultConfigurationIsVisible = 0;
			defaultConfigurationName = Release;
		};
/* End XCConfigurationList section */
	};
	rootObject = 7C3FD94C2B998C0B00D5EC11 /* Project object */;
}
